
Microsoft Visual Studio Solution File, Format Version 12.00
# Visual Studio Version 16
VisualStudioVersion = 16.0.32630.194
MinimumVisualStudioVersion = 10.0.40219.1
Project("{FAE04EC0-301F-11D3-BF4B-00C04F79EFBC}") = "Epic Games Launcher", "Epic Games Launcher.csproj", "{EADC5D58-BA7E-4052-9FA1-8C5D692E2491}"
EndProject
Global
	GlobalSection(SolutionConfigurationPlatforms) = preSolution
		Debug|Any CPU = Debug|Any CPU
		Release|Any CPU = Release|Any CPU
	EndGlobalSection
	GlobalSection(ProjectConfigurationPlatforms) = postSolution
		{EADC5D58-BA7E-4052-9FA1-8C5D692E2491}.Debug|Any CPU.ActiveCfg = Debug|Any CPU
		{EADC5D58-BA7E-4052-9FA1-8C5D692E2491}.Debug|Any CPU.Build.0 = Debug|Any CPU
		{EADC5D58-BA7E-4052-9FA1-8C5D692E2491}.Release|Any CPU.ActiveCfg = Release|Any CPU
		{EADC5D58-BA7E-4052-9FA1-8C5D692E2491}.Release|Any CPU.Build.0 = Release|Any CPU
	EndGlobalSection
	GlobalSection(SolutionProperties) = preSolution
		HideSolutionNode = FALSE
	EndGlobalSection
	GlobalSection(ExtensibilityGlobals) = postSolution
		SolutionGuid = {BB6608F8-C901-47A3-9AD6-1C00AE3A89E9}
	EndGlobalSection
EndGlobal
